
Microsoft Visual Studio Solution File, Format Version 12.00
# Visual Studio Version 17
VisualStudioVersion = 17.2.32516.85
MinimumVisualStudioVersion = 10.0.40219.1
Project("{9A19103F-16F7-4668-BE54-9A1E7A4F7556}") = "Orbisgame", "Orbisgame\Orbisgame.csproj", "{C3686F1F-6737-44CB-B1C7-0DE8B930B283}"
EndProject
Project("{9A19103F-16F7-4668-BE54-9A1E7A4F7556}") = "OrbisGame.Services", "OrbisGame.Services\OrbisGame.Services.csproj", "{7B6C8019-0B89-416C-8533-8284C9C24E9A}"
EndProject
Project("{9A19103F-16F7-4668-BE54-9A1E7A4F7556}") = "OrbisGame.Entidades", "OrbisGame.Entidades\OrbisGame.Entidades.csproj", "{E6650948-40FB-45F2-A7FF-55FCB3FEDDE0}"
EndProject
Project("{9A19103F-16F7-4668-BE54-9A1E7A4F7556}") = "OrbisGame.DataAccess", "OrbisGame.DataAccess\OrbisGame.DataAccess.csproj", "{93981FED-7729-4263-BC17-9E4174014737}"
EndProject
Project("{FAE04EC0-301F-11D3-BF4B-00C04F79EFBC}") = "OrbisApi", "OrbisApi\OrbisApi.csproj", "{E54A11C0-7962-43BD-8EC4-9D3B8498ECA1}"
EndProject
Global
	GlobalSection(SolutionConfigurationPlatforms) = preSolution
		Debug|Any CPU = Debug|Any CPU
		Release|Any CPU = Release|Any CPU
	EndGlobalSection
	GlobalSection(ProjectConfigurationPlatforms) = postSolution
		{C3686F1F-6737-44CB-B1C7-0DE8B930B283}.Debug|Any CPU.ActiveCfg = Debug|Any CPU
		{C3686F1F-6737-44CB-B1C7-0DE8B930B283}.Debug|Any CPU.Build.0 = Debug|Any CPU
		{C3686F1F-6737-44CB-B1C7-0DE8B930B283}.Release|Any CPU.ActiveCfg = Release|Any CPU
		{C3686F1F-6737-44CB-B1C7-0DE8B930B283}.Release|Any CPU.Build.0 = Release|Any CPU
		{7B6C8019-0B89-416C-8533-8284C9C24E9A}.Debug|Any CPU.ActiveCfg = Debug|Any CPU
		{7B6C8019-0B89-416C-8533-8284C9C24E9A}.Debug|Any CPU.Build.0 = Debug|Any CPU
		{7B6C8019-0B89-416C-8533-8284C9C24E9A}.Release|Any CPU.ActiveCfg = Release|Any CPU
		{7B6C8019-0B89-416C-8533-8284C9C24E9A}.Release|Any CPU.Build.0 = Release|Any CPU
		{E6650948-40FB-45F2-A7FF-55FCB3FEDDE0}.Debug|Any CPU.ActiveCfg = Debug|Any CPU
		{E6650948-40FB-45F2-A7FF-55FCB3FEDDE0}.Debug|Any CPU.Build.0 = Debug|Any CPU
		{E6650948-40FB-45F2-A7FF-55FCB3FEDDE0}.Release|Any CPU.ActiveCfg = Release|Any CPU
		{E6650948-40FB-45F2-A7FF-55FCB3FEDDE0}.Release|Any CPU.Build.0 = Release|Any CPU
		{93981FED-7729-4263-BC17-9E4174014737}.Debug|Any CPU.ActiveCfg = Debug|Any CPU
		{93981FED-7729-4263-BC17-9E4174014737}.Debug|Any CPU.Build.0 = Debug|Any CPU
		{93981FED-7729-4263-BC17-9E4174014737}.Release|Any CPU.ActiveCfg = Release|Any CPU
		{93981FED-7729-4263-BC17-9E4174014737}.Release|Any CPU.Build.0 = Release|Any CPU
		{E54A11C0-7962-43BD-8EC4-9D3B8498ECA1}.Debug|Any CPU.ActiveCfg = Debug|Any CPU
		{E54A11C0-7962-43BD-8EC4-9D3B8498ECA1}.Debug|Any CPU.Build.0 = Debug|Any CPU
		{E54A11C0-7962-43BD-8EC4-9D3B8498ECA1}.Release|Any CPU.ActiveCfg = Release|Any CPU
		{E54A11C0-7962-43BD-8EC4-9D3B8498ECA1}.Release|Any CPU.Build.0 = Release|Any CPU
	EndGlobalSection
	GlobalSection(SolutionProperties) = preSolution
		HideSolutionNode = FALSE
	EndGlobalSection
	GlobalSection(ExtensibilityGlobals) = postSolution
		SolutionGuid = {F4F14F18-C025-4AFC-A502-7A4EB9199D8E}
	EndGlobalSection
EndGlobal
